
Microsoft Visual Studio Solution File, Format Version 12.00
# Visual Studio Version 17
VisualStudioVersion = 17.0.32112.339
MinimumVisualStudioVersion = 10.0.40219.1
Project("{2150E333-8FDC-42A3-9474-1A3956D46DE8}") = "Microservices", "Microservices", "{8BAAA528-5122-46A0-A13D-81A97679383D}"
EndProject
Project("{9A19103F-16F7-4668-BE54-9A1E7A4F7556}") = "ClientsMicroservice", "Microservices\ClientsMicroservice\ClientsMicroservice.csproj", "{3E7C0354-D161-4211-9076-764DB1D7E992}"
EndProject
Project("{9A19103F-16F7-4668-BE54-9A1E7A4F7556}") = "EstatesMicroservice", "Microservices\EstatesMicroservice\EstatesMicroservice.csproj", "{D2CC3615-8027-495D-BBB4-FAFDE495E573}"
EndProject
Project("{9A19103F-16F7-4668-BE54-9A1E7A4F7556}") = "ListingsMicroservice", "Microservices\ListingsMicroservice\ListingsMicroservice.csproj", "{6A213456-9A77-455B-9BF0-DF9B56901EA7}"
EndProject
Project("{9A19103F-16F7-4668-BE54-9A1E7A4F7556}") = "ContractsMicroservice", "Microservices\ContractsMicroservice\ContractsMicroservice.csproj", "{244289A4-A2C7-4519-BE87-CA190EDF4D7C}"
	ProjectSection(ProjectDependencies) = postProject
		{30D53BF8-8DE4-4A75-8519-119266763293} = {30D53BF8-8DE4-4A75-8519-119266763293}
	EndProjectSection
EndProject
Project("{9A19103F-16F7-4668-BE54-9A1E7A4F7556}") = "ExternalAPIsMicroservice", "Microservices\ExternalAPIsMicroservice\ExternalAPIsMicroservice.csproj", "{5E60D210-9D53-4CBA-B39F-6ED091059DA9}"
EndProject
Project("{9A19103F-16F7-4668-BE54-9A1E7A4F7556}") = "MessagingMicroservice", "Microservices\MessagingMicroservice\MessagingMicroservice.csproj", "{F7842855-3F21-46B2-8801-C4FCF7756DC2}"
EndProject
Project("{9A19103F-16F7-4668-BE54-9A1E7A4F7556}") = "UtilitiesMicroservice", "Microservices\UtilitiesMicroservice\UtilitiesMicroservice.csproj", "{5CAAC822-3A93-4851-B056-D660C7E2EF70}"
EndProject
Project("{9A19103F-16F7-4668-BE54-9A1E7A4F7556}") = "RealEstate.Shared", "RealEstate.Shared\RealEstate.Shared.csproj", "{30D53BF8-8DE4-4A75-8519-119266763293}"
EndProject
Project("{9A19103F-16F7-4668-BE54-9A1E7A4F7556}") = "RealEstate.ApiGateway", "RealEstate.ApiGateway\RealEstate.ApiGateway.csproj", "{3C2ECF21-FFAF-4029-8F5E-C78B547DB2DB}"
EndProject
Project("{9A19103F-16F7-4668-BE54-9A1E7A4F7556}") = "RealEstate.Test", "RealEstate.Test\RealEstate.Test.csproj", "{302B0FEF-57F3-4485-BB1B-6BD877B02B08}"
	ProjectSection(ProjectDependencies) = postProject
		{244289A4-A2C7-4519-BE87-CA190EDF4D7C} = {244289A4-A2C7-4519-BE87-CA190EDF4D7C}
		{3E7C0354-D161-4211-9076-764DB1D7E992} = {3E7C0354-D161-4211-9076-764DB1D7E992}
		{5E60D210-9D53-4CBA-B39F-6ED091059DA9} = {5E60D210-9D53-4CBA-B39F-6ED091059DA9}
		{D2CC3615-8027-495D-BBB4-FAFDE495E573} = {D2CC3615-8027-495D-BBB4-FAFDE495E573}
	EndProjectSection
EndProject
Project("{E53339B2-1760-4266-BCC7-CA923CBCF16C}") = "docker-compose", "docker-compose.dcproj", "{362781B5-4C34-45B9-93E2-57F4C55BD4F9}"
EndProject
Project("{9A19103F-16F7-4668-BE54-9A1E7A4F7556}") = "_build", "build\_build.csproj", "{BC7B2B46-8876-4AD0-AEFC-EBB0278BBC84}"
EndProject
Project("{2150E333-8FDC-42A3-9474-1A3956D46DE8}") = "Solution Items", "Solution Items", "{2F1E983A-F4B9-47B4-8EF7-43AF715B4AEA}"
	ProjectSection(SolutionItems) = preProject
		.editorconfig = .editorconfig
	EndProjectSection
EndProject
Global
	GlobalSection(SolutionConfigurationPlatforms) = preSolution
		Debug|Any CPU = Debug|Any CPU
		Release|Any CPU = Release|Any CPU
	EndGlobalSection
	GlobalSection(ProjectConfigurationPlatforms) = postSolution
		{3E7C0354-D161-4211-9076-764DB1D7E992}.Debug|Any CPU.ActiveCfg = Debug|Any CPU
		{3E7C0354-D161-4211-9076-764DB1D7E992}.Debug|Any CPU.Build.0 = Debug|Any CPU
		{3E7C0354-D161-4211-9076-764DB1D7E992}.Release|Any CPU.ActiveCfg = Release|Any CPU
		{3E7C0354-D161-4211-9076-764DB1D7E992}.Release|Any CPU.Build.0 = Release|Any CPU
		{D2CC3615-8027-495D-BBB4-FAFDE495E573}.Debug|Any CPU.ActiveCfg = Debug|Any CPU
		{D2CC3615-8027-495D-BBB4-FAFDE495E573}.Debug|Any CPU.Build.0 = Debug|Any CPU
		{D2CC3615-8027-495D-BBB4-FAFDE495E573}.Release|Any CPU.ActiveCfg = Release|Any CPU
		{D2CC3615-8027-495D-BBB4-FAFDE495E573}.Release|Any CPU.Build.0 = Release|Any CPU
		{6A213456-9A77-455B-9BF0-DF9B56901EA7}.Debug|Any CPU.ActiveCfg = Debug|Any CPU
		{6A213456-9A77-455B-9BF0-DF9B56901EA7}.Debug|Any CPU.Build.0 = Debug|Any CPU
		{6A213456-9A77-455B-9BF0-DF9B56901EA7}.Release|Any CPU.ActiveCfg = Release|Any CPU
		{6A213456-9A77-455B-9BF0-DF9B56901EA7}.Release|Any CPU.Build.0 = Release|Any CPU
		{244289A4-A2C7-4519-BE87-CA190EDF4D7C}.Debug|Any CPU.ActiveCfg = Debug|Any CPU
		{244289A4-A2C7-4519-BE87-CA190EDF4D7C}.Debug|Any CPU.Build.0 = Debug|Any CPU
		{244289A4-A2C7-4519-BE87-CA190EDF4D7C}.Release|Any CPU.ActiveCfg = Release|Any CPU
		{244289A4-A2C7-4519-BE87-CA190EDF4D7C}.Release|Any CPU.Build.0 = Release|Any CPU
		{5E60D210-9D53-4CBA-B39F-6ED091059DA9}.Debug|Any CPU.ActiveCfg = Debug|Any CPU
		{5E60D210-9D53-4CBA-B39F-6ED091059DA9}.Debug|Any CPU.Build.0 = Debug|Any CPU
		{5E60D210-9D53-4CBA-B39F-6ED091059DA9}.Release|Any CPU.ActiveCfg = Release|Any CPU
		{5E60D210-9D53-4CBA-B39F-6ED091059DA9}.Release|Any CPU.Build.0 = Release|Any CPU
		{F7842855-3F21-46B2-8801-C4FCF7756DC2}.Debug|Any CPU.ActiveCfg = Debug|Any CPU
		{F7842855-3F21-46B2-8801-C4FCF7756DC2}.Debug|Any CPU.Build.0 = Debug|Any CPU
		{F7842855-3F21-46B2-8801-C4FCF7756DC2}.Release|Any CPU.ActiveCfg = Release|Any CPU
		{F7842855-3F21-46B2-8801-C4FCF7756DC2}.Release|Any CPU.Build.0 = Release|Any CPU
		{5CAAC822-3A93-4851-B056-D660C7E2EF70}.Debug|Any CPU.ActiveCfg = Debug|Any CPU
		{5CAAC822-3A93-4851-B056-D660C7E2EF70}.Debug|Any CPU.Build.0 = Debug|Any CPU
		{5CAAC822-3A93-4851-B056-D660C7E2EF70}.Release|Any CPU.ActiveCfg = Release|Any CPU
		{5CAAC822-3A93-4851-B056-D660C7E2EF70}.Release|Any CPU.Build.0 = Release|Any CPU
		{30D53BF8-8DE4-4A75-8519-119266763293}.Debug|Any CPU.ActiveCfg = Debug|Any CPU
		{30D53BF8-8DE4-4A75-8519-119266763293}.Debug|Any CPU.Build.0 = Debug|Any CPU
		{30D53BF8-8DE4-4A75-8519-119266763293}.Release|Any CPU.ActiveCfg = Release|Any CPU
		{30D53BF8-8DE4-4A75-8519-119266763293}.Release|Any CPU.Build.0 = Release|Any CPU
		{3C2ECF21-FFAF-4029-8F5E-C78B547DB2DB}.Debug|Any CPU.ActiveCfg = Debug|Any CPU
		{3C2ECF21-FFAF-4029-8F5E-C78B547DB2DB}.Debug|Any CPU.Build.0 = Debug|Any CPU
		{3C2ECF21-FFAF-4029-8F5E-C78B547DB2DB}.Release|Any CPU.ActiveCfg = Release|Any CPU
		{3C2ECF21-FFAF-4029-8F5E-C78B547DB2DB}.Release|Any CPU.Build.0 = Release|Any CPU
		{302B0FEF-57F3-4485-BB1B-6BD877B02B08}.Debug|Any CPU.ActiveCfg = Debug|Any CPU
		{302B0FEF-57F3-4485-BB1B-6BD877B02B08}.Debug|Any CPU.Build.0 = Debug|Any CPU
		{302B0FEF-57F3-4485-BB1B-6BD877B02B08}.Release|Any CPU.ActiveCfg = Release|Any CPU
		{302B0FEF-57F3-4485-BB1B-6BD877B02B08}.Release|Any CPU.Build.0 = Release|Any CPU
		{362781B5-4C34-45B9-93E2-57F4C55BD4F9}.Debug|Any CPU.ActiveCfg = Debug|Any CPU
		{362781B5-4C34-45B9-93E2-57F4C55BD4F9}.Debug|Any CPU.Build.0 = Debug|Any CPU
		{362781B5-4C34-45B9-93E2-57F4C55BD4F9}.Release|Any CPU.ActiveCfg = Release|Any CPU
		{362781B5-4C34-45B9-93E2-57F4C55BD4F9}.Release|Any CPU.Build.0 = Release|Any CPU
		{BC7B2B46-8876-4AD0-AEFC-EBB0278BBC84}.Debug|Any CPU.ActiveCfg = Debug|Any CPU
		{BC7B2B46-8876-4AD0-AEFC-EBB0278BBC84}.Debug|Any CPU.Build.0 = Debug|Any CPU
		{BC7B2B46-8876-4AD0-AEFC-EBB0278BBC84}.Release|Any CPU.ActiveCfg = Release|Any CPU
		{BC7B2B46-8876-4AD0-AEFC-EBB0278BBC84}.Release|Any CPU.Build.0 = Release|Any CPU
	EndGlobalSection
	GlobalSection(SolutionProperties) = preSolution
		HideSolutionNode = FALSE
	EndGlobalSection
	GlobalSection(NestedProjects) = preSolution
		{3E7C0354-D161-4211-9076-764DB1D7E992} = {8BAAA528-5122-46A0-A13D-81A97679383D}
		{D2CC3615-8027-495D-BBB4-FAFDE495E573} = {8BAAA528-5122-46A0-A13D-81A97679383D}
		{6A213456-9A77-455B-9BF0-DF9B56901EA7} = {8BAAA528-5122-46A0-A13D-81A97679383D}
		{244289A4-A2C7-4519-BE87-CA190EDF4D7C} = {8BAAA528-5122-46A0-A13D-81A97679383D}
		{5E60D210-9D53-4CBA-B39F-6ED091059DA9} = {8BAAA528-5122-46A0-A13D-81A97679383D}
		{F7842855-3F21-46B2-8801-C4FCF7756DC2} = {8BAAA528-5122-46A0-A13D-81A97679383D}
		{5CAAC822-3A93-4851-B056-D660C7E2EF70} = {8BAAA528-5122-46A0-A13D-81A97679383D}
	EndGlobalSection
	GlobalSection(ExtensibilityGlobals) = postSolution
		SolutionGuid = {865D317E-59F6-4809-ABD7-1F8B529F4CF0}
	EndGlobalSection
EndGlobal
