
Microsoft Visual Studio Solution File, Format Version 12.00
# Visual Studio Version 17
VisualStudioVersion = 17.0.32112.339
MinimumVisualStudioVersion = 10.0.40219.1
Project("{9A19103F-16F7-4668-BE54-9A1E7A4F7556}") = "RealEstate.Core", "RealEstate.Core\RealEstate.Core.csproj", "{0F0A8BAF-D0BD-4EE5-A848-A08873A5A72B}"
EndProject
Project("{9A19103F-16F7-4668-BE54-9A1E7A4F7556}") = "RealEstate.Infrastructure", "RealEstate.Infrastructure\RealEstate.Infrastructure.csproj", "{F1D12EC0-4550-469D-8FA9-EDFDD74A6E6A}"
EndProject
Project("{9A19103F-16F7-4668-BE54-9A1E7A4F7556}") = "RealEstate.Test", "RealEstate.Test\RealEstate.Test.csproj", "{6AD2DDA4-3DF8-4201-B36A-6860F93B440D}"
EndProject
Project("{2150E333-8FDC-42A3-9474-1A3956D46DE8}") = "Solution Items", "Solution Items", "{84DB6DB2-6D57-4C1C-967E-810F3D1CF850}"
	ProjectSection(SolutionItems) = preProject
		.editorconfig = .editorconfig
	EndProjectSection
EndProject
Project("{9A19103F-16F7-4668-BE54-9A1E7A4F7556}") = "RealEstate.CQRS", "RealEstate.CQRS\RealEstate.CQRS.csproj", "{12D64D1B-5D69-405E-90A4-9DF28AB4BAF2}"
EndProject
Project("{9A19103F-16F7-4668-BE54-9A1E7A4F7556}") = "RealEstate.API", "RealEstate.Web\RealEstate.API.csproj", "{0E477BB5-7117-4996-AD6C-36F82FFA7B42}"
EndProject
Global
	GlobalSection(SolutionConfigurationPlatforms) = preSolution
		Debug|Any CPU = Debug|Any CPU
		Release|Any CPU = Release|Any CPU
	EndGlobalSection
	GlobalSection(ProjectConfigurationPlatforms) = postSolution
		{0F0A8BAF-D0BD-4EE5-A848-A08873A5A72B}.Debug|Any CPU.ActiveCfg = Debug|Any CPU
		{0F0A8BAF-D0BD-4EE5-A848-A08873A5A72B}.Debug|Any CPU.Build.0 = Debug|Any CPU
		{0F0A8BAF-D0BD-4EE5-A848-A08873A5A72B}.Release|Any CPU.ActiveCfg = Release|Any CPU
		{0F0A8BAF-D0BD-4EE5-A848-A08873A5A72B}.Release|Any CPU.Build.0 = Release|Any CPU
		{F1D12EC0-4550-469D-8FA9-EDFDD74A6E6A}.Debug|Any CPU.ActiveCfg = Debug|Any CPU
		{F1D12EC0-4550-469D-8FA9-EDFDD74A6E6A}.Debug|Any CPU.Build.0 = Debug|Any CPU
		{F1D12EC0-4550-469D-8FA9-EDFDD74A6E6A}.Release|Any CPU.ActiveCfg = Release|Any CPU
		{F1D12EC0-4550-469D-8FA9-EDFDD74A6E6A}.Release|Any CPU.Build.0 = Release|Any CPU
		{6AD2DDA4-3DF8-4201-B36A-6860F93B440D}.Debug|Any CPU.ActiveCfg = Debug|Any CPU
		{6AD2DDA4-3DF8-4201-B36A-6860F93B440D}.Debug|Any CPU.Build.0 = Debug|Any CPU
		{6AD2DDA4-3DF8-4201-B36A-6860F93B440D}.Release|Any CPU.ActiveCfg = Release|Any CPU
		{6AD2DDA4-3DF8-4201-B36A-6860F93B440D}.Release|Any CPU.Build.0 = Release|Any CPU
		{12D64D1B-5D69-405E-90A4-9DF28AB4BAF2}.Debug|Any CPU.ActiveCfg = Debug|Any CPU
		{12D64D1B-5D69-405E-90A4-9DF28AB4BAF2}.Debug|Any CPU.Build.0 = Debug|Any CPU
		{12D64D1B-5D69-405E-90A4-9DF28AB4BAF2}.Release|Any CPU.ActiveCfg = Release|Any CPU
		{12D64D1B-5D69-405E-90A4-9DF28AB4BAF2}.Release|Any CPU.Build.0 = Release|Any CPU
		{0E477BB5-7117-4996-AD6C-36F82FFA7B42}.Debug|Any CPU.ActiveCfg = Debug|Any CPU
		{0E477BB5-7117-4996-AD6C-36F82FFA7B42}.Debug|Any CPU.Build.0 = Debug|Any CPU
		{0E477BB5-7117-4996-AD6C-36F82FFA7B42}.Release|Any CPU.ActiveCfg = Release|Any CPU
		{0E477BB5-7117-4996-AD6C-36F82FFA7B42}.Release|Any CPU.Build.0 = Release|Any CPU
	EndGlobalSection
	GlobalSection(SolutionProperties) = preSolution
		HideSolutionNode = FALSE
	EndGlobalSection
	GlobalSection(ExtensibilityGlobals) = postSolution
		SolutionGuid = {865D317E-59F6-4809-ABD7-1F8B529F4CF0}
	EndGlobalSection
EndGlobal
